version = 1
revision = 3
requires-python = ">=3.13"

[[package]]
name = "adafruit-ampy"
version = "1.1.0"
source = { registry = "https://pypi.org/simple" }
dependencies = [
    { name = "click" },
    { name = "pyserial" },
    { name = "python-dotenv" },
]
sdist = { url = "https://files.pythonhosted.org/packages/cb/4c/a06ed997ecd5d92115becf4689adfb904b1006e749831fde65593b27b638/adafruit-ampy-1.1.0.tar.gz", hash = "sha256:f4cba36f564096f2aafd173f7fbabb845365cc3bb3f41c37541edf98b58d3976", size = 17900, upload-time = "2021-02-13T17:42:39.363Z" }
wheels = [
    { url = "https://files.pythonhosted.org/packages/a3/87/7749376a6162d49f11141f9441fe74647626503ae60f493533212aa500e0/adafruit_ampy-1.1.0-py2.py3-none-any.whl", hash = "sha256:4a74812226e53c17d01eb828633424bc4f4fe76b9499a7b35eba6fc2532635b7", size = 16873, upload-time = "2021-02-13T17:42:37.467Z" },
]

[[package]]
name = "cffi"
version = "2.0.0"
source = { registry = "https://pypi.org/simple" }
dependencies = [
    { name = "pycparser", marker = "implementation_name != 'PyPy'" },
]
sdist = { url = "https://files.pythonhosted.org/packages/eb/56/b1ba7935a17738ae8453301356628e8147c79dbb825bcbc73dc7401f9846/cffi-2.0.0.tar.gz", hash = "sha256:44d1b5909021139fe36001ae048dbdde8214afa20200eda0f64c068cac5d5529", size = 523588, upload-time = "2025-09-08T23:24:04.541Z" }
wheels = [
    { url = "https://files.pythonhosted.org/packages/b0/1e/d22cc63332bd59b06481ceaac49d6c507598642e2230f201649058a7e704/cffi-2.0.0-cp313-cp313-manylinux1_i686.manylinux2014_i686.manylinux_2_17_i686.manylinux_2_5_i686.whl", hash = "sha256:07b271772c100085dd28b74fa0cd81c8fb1a3ba18b21e03d7c27f3436a10606b", size = 212446, upload-time = "2025-09-08T23:23:03.472Z" },
    { url = "https://files.pythonhosted.org/packages/a9/f5/a2c23eb03b61a0b8747f211eb716446c826ad66818ddc7810cc2cc19b3f2/cffi-2.0.0-cp313-cp313-manylinux2014_aarch64.manylinux_2_17_aarch64.whl", hash = "sha256:d48a880098c96020b02d5a1f7d9251308510ce8858940e6fa99ece33f610838b", size = 220101, upload-time = "2025-09-08T23:23:04.792Z" },
    { url = "https://files.pythonhosted.org/packages/f2/7f/e6647792fc5850d634695bc0e6ab4111ae88e89981d35ac269956605feba/cffi-2.0.0-cp313-cp313-manylinux2014_ppc64le.manylinux_2_17_ppc64le.whl", hash = "sha256:f93fd8e5c8c0a4aa1f424d6173f14a892044054871c771f8566e4008eaa359d2", size = 207948, upload-time = "2025-09-08T23:23:06.127Z" },
    { url = "https://files.pythonhosted.org/packages/cb/1e/a5a1bd6f1fb30f22573f76533de12a00bf274abcdc55c8edab639078abb6/cffi-2.0.0-cp313-cp313-manylinux2014_s390x.manylinux_2_17_s390x.whl", hash = "sha256:dd4f05f54a52fb558f1ba9f528228066954fee3ebe629fc1660d874d040ae5a3", size = 206422, upload-time = "2025-09-08T23:23:07.753Z" },
    { url = "https://files.pythonhosted.org/packages/98/df/0a1755e750013a2081e863e7cd37e0cdd02664372c754e5560099eb7aa44/cffi-2.0.0-cp313-cp313-manylinux2014_x86_64.manylinux_2_17_x86_64.whl", hash = "sha256:c8d3b5532fc71b7a77c09192b4a5a200ea992702734a2e9279a37f2478236f26", size = 219499, upload-time = "2025-09-08T23:23:09.648Z" },
    { url = "https://files.pythonhosted.org/packages/50/e1/a969e687fcf9ea58e6e2a928ad5e2dd88cc12f6f0ab477e9971f2309b57c/cffi-2.0.0-cp313-cp313-musllinux_1_2_aarch64.whl", hash = "sha256:d9b29c1f0ae438d5ee9acb31cadee00a58c46cc9c0b2f9038c6b0b3470877a8c", size = 222928, upload-time = "2025-09-08T23:23:10.928Z" },
    { url = "https://files.pythonhosted.org/packages/36/54/0362578dd2c9e557a28ac77698ed67323ed5b9775ca9d3fe73fe191bb5d8/cffi-2.0.0-cp313-cp313-musllinux_1_2_x86_64.whl", hash = "sha256:6d50360be4546678fc1b79ffe7a66265e28667840010348dd69a314145807a1b", size = 221302, upload-time = "2025-09-08T23:23:12.42Z" },
    { url = "https://files.pythonhosted.org/packages/d6/43/0e822876f87ea8a4ef95442c3d766a06a51fc5298823f884ef87aaad168c/cffi-2.0.0-cp314-cp314-manylinux2014_aarch64.manylinux_2_17_aarch64.whl", hash = "sha256:24b6f81f1983e6df8db3adc38562c83f7d4a0c36162885ec7f7b77c7dcbec97b", size = 220049, upload-time = "2025-09-08T23:23:20.853Z" },
    { url = "https://files.pythonhosted.org/packages/b4/89/76799151d9c2d2d1ead63c2429da9ea9d7aac304603de0c6e8764e6e8e70/cffi-2.0.0-cp314-cp314-manylinux2014_ppc64le.manylinux_2_17_ppc64le.whl", hash = "sha256:12873ca6cb9b0f0d3a0da705d6086fe911591737a59f28b7936bdfed27c0d47c", size = 207793, upload-time = "2025-09-08T23:23:22.08Z" },
    { url = "https://files.pythonhosted.org/packages/bb/dd/3465b14bb9e24ee24cb88c9e3730f6de63111fffe513492bf8c808a3547e/cffi-2.0.0-cp314-cp314-manylinux2014_s390x.manylinux_2_17_s390x.whl", hash = "sha256:d9b97165e8aed9272a6bb17c01e3cc5871a594a446ebedc996e2397a1c1ea8ef", size = 206300, upload-time = "2025-09-08T23:23:23.314Z" },
    { url = "https://files.pythonhosted.org/packages/47/d9/d83e293854571c877a92da46fdec39158f8d7e68da75bf73581225d28e90/cffi-2.0.0-cp314-cp314-manylinux2014_x86_64.manylinux_2_17_x86_64.whl", hash = "sha256:afb8db5439b81cf9c9d0c80404b60c3cc9c3add93e114dcae767f1477cb53775", size = 219244, upload-time = "2025-09-08T23:23:24.541Z" },
    { url = "https://files.pythonhosted.org/packages/2b/0f/1f177e3683aead2bb00f7679a16451d302c436b5cbf2505f0ea8146ef59e/cffi-2.0.0-cp314-cp314-musllinux_1_2_aarch64.whl", hash = "sha256:737fe7d37e1a1bffe70bd5754ea763a62a066dc5913ca57e957824b72a85e205", size = 222828, upload-time = "2025-09-08T23:23:26.143Z" },
    { url = "https://files.pythonhosted.org/packages/c6/0f/cafacebd4b040e3119dcb32fed8bdef8dfe94da653155f9d0b9dc660166e/cffi-2.0.0-cp314-cp314-musllinux_1_2_x86_64.whl", hash = "sha256:38100abb9d1b1435bc4cc340bb4489635dc2f0da7456590877030c9b3d40b0c1", size = 220926, upload-time = "2025-09-08T23:23:27.873Z" },
    { url = "https://files.pythonhosted.org/packages/be/b4/c56878d0d1755cf9caa54ba71e5d049479c52f9e4afc230f06822162ab2f/cffi-2.0.0-cp314-cp314t-manylinux2014_aarch64.manylinux_2_17_aarch64.whl", hash = "sha256:7cc09976e8b56f8cebd752f7113ad07752461f48a58cbba644139015ac24954c", size = 221593, upload-time = "2025-09-08T23:23:31.91Z" },
    { url = "https://files.pythonhosted.org/packages/e0/0d/eb704606dfe8033e7128df5e90fee946bbcb64a04fcdaa97321309004000/cffi-2.0.0-cp314-cp314t-manylinux2014_ppc64le.manylinux_2_17_ppc64le.whl", hash = "sha256:92b68146a71df78564e4ef48af17551a5ddd142e5190cdf2c5624d0c3ff5b2e8", size = 209354, upload-time = "2025-09-08T23:23:33.214Z" },
    { url = "https://files.pythonhosted.org/packages/d8/19/3c435d727b368ca475fb8742ab97c9cb13a0de600ce86f62eab7fa3eea60/cffi-2.0.0-cp314-cp314t-manylinux2014_s390x.manylinux_2_17_s390x.whl", hash = "sha256:b1e74d11748e7e98e2f426ab176d4ed720a64412b6a15054378afdb71e0f37dc", size = 208480, upload-time = "2025-09-08T23:23:34.495Z" },
    { url = "https://files.pythonhosted.org/packages/d0/44/681604464ed9541673e486521497406fadcc15b5217c3e326b061696899a/cffi-2.0.0-cp314-cp314t-manylinux2014_x86_64.manylinux_2_17_x86_64.whl", hash = "sha256:28a3a209b96630bca57cce802da70c266eb08c6e97e5afd61a75611ee6c64592", size = 221584, upload-time = "2025-09-08T23:23:36.096Z" },
    { url = "https://files.pythonhosted.org/packages/25/8e/342a504ff018a2825d395d44d63a767dd8ebc927ebda557fecdaca3ac33a/cffi-2.0.0-cp314-cp314t-musllinux_1_2_aarch64.whl", hash = "sha256:7553fb2090d71822f02c629afe6042c299edf91ba1bf94951165613553984512", size = 224443, upload-time = "2025-09-08T23:23:37.328Z" },
    { url = "https://files.pythonhosted.org/packages/e1/5e/b666bacbbc60fbf415ba9988324a132c9a7a0448a9a8f125074671c0f2c3/cffi-2.0.0-cp314-cp314t-musllinux_1_2_x86_64.whl", hash = "sha256:6c6c373cfc5c83a975506110d17457138c8c63016b563cc9ed6e056a82f13ce4", size = 223437, upload-time = "2025-09-08T23:23:38.945Z" },
]

[[package]]
name = "click"
version = "8.3.1"
source = { registry = "https://pypi.org/simple" }
dependencies = [
    { name = "colorama", marker = "sys_platform == 'win32'" },
]
sdist = { url = "https://files.pythonhosted.org/packages/3d/fa/656b739db8587d7b5dfa22e22ed02566950fbfbcdc20311993483657a5c0/click-8.3.1.tar.gz", hash = "sha256:12ff4785d337a1bb490bb7e9c2b1ee5da3112e94a8622f26a6c77f5d2fc6842a", size = 295065, upload-time = "2025-11-15T20:45:42.706Z" }
wheels = [
    { url = "https://files.pythonhosted.org/packages/98/78/01c019cdb5d6498122777c1a43056ebb3ebfeef2076d9d026bfe15583b2b/click-8.3.1-py3-none-any.whl", hash = "sha256:981153a64e25f12d547d3426c367a4857371575ee7ad18df2a6183ab0545b2a6", size = 108274, upload-time = "2025-11-15T20:45:41.139Z" },
]

[[package]]
name = "colorama"
version = "0.4.6"
source = { registry = "https://pypi.org/simple" }
sdist = { url = "https://files.pythonhosted.org/packages/d8/53/6f443c9a4a8358a93a6792e2acffb9d9d5cb0a5cfd8802644b7b1c9a02e4/colorama-0.4.6.tar.gz", hash = "sha256:08695f5cb7ed6e0531a20572697297273c47b8cae5a63ffc6d6ed5c201be6e44", size = 27697, upload-time = "2022-10-25T02:36:22.414Z" }
wheels = [
    { url = "https://files.pythonhosted.org/packages/d1/d6/3965ed04c63042e047cb6a3e6ed1a63a35087b6a609aa3a15ed8ac56c221/colorama-0.4.6-py2.py3-none-any.whl", hash = "sha256:4f1d9991f5acc0ca119f9d443620b77f9d6b33703e51011c16baf57afb285fc6", size = 25335, upload-time = "2022-10-25T02:36:20.889Z" },
]

[[package]]
name = "cryptography"
version = "46.0.3"
source = { registry = "https://pypi.org/simple" }
dependencies = [
    { name = "cffi", marker = "platform_python_implementation != 'PyPy'" },
]
sdist = { url = "https://files.pythonhosted.org/packages/9f/33/c00162f49c0e2fe8064a62cb92b93e50c74a72bc370ab92f86112b33ff62/cryptography-46.0.3.tar.gz", hash = "sha256:a8b17438104fed022ce745b362294d9ce35b4c2e45c1d958ad4a4b019285f4a1", size = 749258, upload-time = "2025-10-15T23:18:31.74Z" }
wheels = [
    { url = "https://files.pythonhosted.org/packages/1c/67/38769ca6b65f07461eb200e85fc1639b438bdc667be02cf7f2cd6a64601c/cryptography-46.0.3-cp311-abi3-manylinux2014_aarch64.manylinux_2_17_aarch64.whl", hash = "sha256:09859af8466b69bc3c27bdf4f5d84a665e0f7ab5088412e9e2ec49758eca5cbc", size = 4296667, upload-time = "2025-10-15T23:16:54.369Z" },
    { url = "https://files.pythonhosted.org/packages/5c/49/498c86566a1d80e978b42f0d702795f69887005548c041636df6ae1ca64c/cryptography-46.0.3-cp311-abi3-manylinux2014_x86_64.manylinux_2_17_x86_64.whl", hash = "sha256:01ca9ff2885f3acc98c29f1860552e37f6d7c7d013d7334ff2a9de43a449315d", size = 4450807, upload-time = "2025-10-15T23:16:56.414Z" },
    { url = "https://files.pythonhosted.org/packages/4b/0a/863a3604112174c8624a2ac3c038662d9e59970c7f926acdcfaed8d61142/cryptography-46.0.3-cp311-abi3-manylinux_2_28_aarch64.whl", hash = "sha256:6eae65d4c3d33da080cff9c4ab1f711b15c1d9760809dad6ea763f3812d254cb", size = 4299615, upload-time = "2025-10-15T23:16:58.442Z" },
    { url = "https://files.pythonhosted.org/packages/64/02/b73a533f6b64a69f3cd3872acb6ebc12aef924d8d103133bb3ea750dc703/cryptography-46.0.3-cp311-abi3-manylinux_2_28_armv7l.manylinux_2_31_armv7l.whl", hash = "sha256:e5bf0ed4490068a2e72ac03d786693adeb909981cc596425d09032d372bcc849", size = 4016800, upload-time = "2025-10-15T23:17:00.378Z" },
    { url = "https://files.pythonhosted.org/packages/25/d5/16e41afbfa450cde85a3b7ec599bebefaef16b5c6ba4ec49a3532336ed72/cryptography-46.0.3-cp311-abi3-manylinux_2_28_ppc64le.whl", hash = "sha256:5ecfccd2329e37e9b7112a888e76d9feca2347f12f37918facbb893d7bb88ee8", size = 4984707, upload-time = "2025-10-15T23:17:01.98Z" },
    { url = "https://files.pythonhosted.org/packages/c9/56/e7e69b427c3878352c2fb9b450bd0e19ed552753491d39d7d0a2f5226d41/cryptography-46.0.3-cp311-abi3-manylinux_2_28_x86_64.whl", hash = "sha256:a2c0cd47381a3229c403062f764160d57d4d175e022c1df84e168c6251a22eec", size = 4482541, upload-time = "2025-10-15T23:17:04.078Z" },
    { url = "https://files.pythonhosted.org/packages/78/f6/50736d40d97e8483172f1bb6e698895b92a223dba513b0ca6f06b2365339/cryptography-46.0.3-cp311-abi3-manylinux_2_34_aarch64.whl", hash = "sha256:549e234ff32571b1f4076ac269fcce7a808d3bf98b76c8dd560e42dbc66d7d91", size = 4299464, upload-time = "2025-10-15T23:17:05.483Z" },
    { url = "https://files.pythonhosted.org/packages/00/de/d8e26b1a855f19d9994a19c702fa2e93b0456beccbcfe437eda00e0701f2/cryptography-46.0.3-cp311-abi3-manylinux_2_34_ppc64le.whl", hash = "sha256:c0a7bb1a68a5d3471880e264621346c48665b3bf1c3759d682fc0864c540bd9e", size = 4950838, upload-time = "2025-10-15T23:17:07.425Z" },
    { url = "https://files.pythonhosted.org/packages/8f/29/798fc4ec461a1c9e9f735f2fc58741b0daae30688f41b2497dcbc9ed1355/cryptography-46.0.3-cp311-abi3-manylinux_2_34_x86_64.whl", hash = "sha256:10b01676fc208c3e6feeb25a8b83d81767e8059e1fe86e1dc62d10a3018fa926", size = 4481596, upload-time = "2025-10-15T23:17:09.343Z" },
    { url = "https://files.pythonhosted.org/packages/15/8d/03cd48b20a573adfff7652b76271078e3045b9f49387920e7f1f631d125e/cryptography-46.0.3-cp311-abi3-musllinux_1_2_aarch64.whl", hash = "sha256:0abf1ffd6e57c67e92af68330d05760b7b7efb243aab8377e583284dbab72c71", size = 4426782, upload-time = "2025-10-15T23:17:11.22Z" },
    { url = "https://files.pythonhosted.org/packages/fa/b1/ebacbfe53317d55cf33165bda24c86523497a6881f339f9aae5c2e13e57b/cryptography-46.0.3-cp311-abi3-musllinux_1_2_x86_64.whl", hash = "sha256:a04bee9ab6a4da801eb9b51f1b708a1b5b5c9eb48c03f74198464c66f0d344ac", size = 4698381, upload-time = "2025-10-15T23:17:12.829Z" },
    { url = "https://files.pythonhosted.org/packages/73/dc/9aa866fbdbb95b02e7f9d086f1fccfeebf8953509b87e3f28fff927ff8a0/cryptography-46.0.3-cp314-cp314t-manylinux2014_aarch64.manylinux_2_17_aarch64.whl", hash = "sha256:c8daeb2d2174beb4575b77482320303f3d39b8e81153da4f0fb08eb5fe86a6c5", size = 4288728, upload-time = "2025-10-15T23:17:21.527Z" },
    { url = "https://files.pythonhosted.org/packages/c5/fd/bc1daf8230eaa075184cbbf5f8cd00ba9db4fd32d63fb83da4671b72ed8a/cryptography-46.0.3-cp314-cp314t-manylinux2014_x86_64.manylinux_2_17_x86_64.whl", hash = "sha256:39b6755623145ad5eff1dab323f4eae2a32a77a7abef2c5089a04a3d04366715", size = 4435078, upload-time = "2025-10-15T23:17:23.042Z" },
    { url = "https://files.pythonhosted.org/packages/82/98/d3bd5407ce4c60017f8ff9e63ffee4200ab3e23fe05b765cab805a7db008/cryptography-46.0.3-cp314-cp314t-manylinux_2_28_aarch64.whl", hash = "sha256:db391fa7c66df6762ee3f00c95a89e6d428f4d60e7abc8328f4fe155b5ac6e54", size = 4293460, upload-time = "2025-10-15T23:17:24.885Z" },
    { url = "https://files.pythonhosted.org/packages/26/e9/e23e7900983c2b8af7a08098db406cf989d7f09caea7897e347598d4cd5b/cryptography-46.0.3-cp314-cp314t-manylinux_2_28_armv7l.manylinux_2_31_armv7l.whl", hash = "sha256:78a97cf6a8839a48c49271cdcbd5cf37ca2c1d6b7fdd86cc864f302b5e9bf459", size = 3995237, upload-time = "2025-10-15T23:17:26.449Z" },
    { url = "https://files.pythonhosted.org/packages/91/15/af68c509d4a138cfe299d0d7ddb14afba15233223ebd933b4bbdbc7155d3/cryptography-46.0.3-cp314-cp314t-manylinux_2_28_ppc64le.whl", hash = "sha256:dfb781ff7eaa91a6f7fd41776ec37c5853c795d3b358d4896fdbb5df168af422", size = 4967344, upload-time = "2025-10-15T23:17:28.06Z" },
    { url = "https://files.pythonhosted.org/packages/ca/e3/8643d077c53868b681af077edf6b3cb58288b5423610f21c62aadcbe99f4/cryptography-46.0.3-cp314-cp314t-manylinux_2_28_x86_64.whl", hash = "sha256:6f61efb26e76c45c4a227835ddeae96d83624fb0d29eb5df5b96e14ed1a0afb7", size = 4466564, upload-time = "2025-10-15T23:17:29.665Z" },
    { url = "https://files.pythonhosted.org/packages/0e/43/c1e8726fa59c236ff477ff2b5dc071e54b21e5a1e51aa2cee1676f1c986f/cryptography-46.0.3-cp314-cp314t-manylinux_2_34_aarch64.whl", hash = "sha256:23b1a8f26e43f47ceb6d6a43115f33a5a37d57df4ea0ca295b780ae8546e8044", size = 4292415, upload-time = "2025-10-15T23:17:31.686Z" },
    { url = "https://files.pythonhosted.org/packages/42/f9/2f8fefdb1aee8a8e3256a0568cffc4e6d517b256a2fe97a029b3f1b9fe7e/cryptography-46.0.3-cp314-cp314t-manylinux_2_34_ppc64le.whl", hash = "sha256:b419ae593c86b87014b9be7396b385491ad7f320bde96826d0dd174459e54665", size = 4931457, upload-time = "2025-10-15T23:17:33.478Z" },
    { url = "https://files.pythonhosted.org/packages/79/30/9b54127a9a778ccd6d27c3da7563e9f2d341826075ceab89ae3b41bf5be2/cryptography-46.0.3-cp314-cp314t-manylinux_2_34_x86_64.whl", hash = "sha256:50fc3343ac490c6b08c0cf0d704e881d0d660be923fd3076db3e932007e726e3", size = 4466074, upload-time = "2025-10-15T23:17:35.158Z" },
    { url = "https://files.pythonhosted.org/packages/ac/68/b4f4a10928e26c941b1b6a179143af9f4d27d88fe84a6a3c53592d2e76bf/cryptography-46.0.3-cp314-cp314t-musllinux_1_2_aarch64.whl", hash = "sha256:22d7e97932f511d6b0b04f2bfd818d73dcd5928db509460aaf48384778eb6d20", size = 4420569, upload-time = "2025-10-15T23:17:37.188Z" },
    { url = "https://files.pythonhosted.org/packages/a3/49/3746dab4c0d1979888f125226357d3262a6dd40e114ac29e3d2abdf1ec55/cryptography-46.0.3-cp314-cp314t-musllinux_1_2_x86_64.whl", hash = "sha256:d55f3dffadd674514ad19451161118fd010988540cee43d8bc20675e775925de", size = 4681941, upload-time = "2025-10-15T23:17:39.236Z" },
    { url = "https://files.pythonhosted.org/packages/27/32/b68d27471372737054cbd34c84981f9edbc24fe67ca225d389799614e27f/cryptography-46.0.3-cp38-abi3-manylinux2014_aarch64.manylinux_2_17_aarch64.whl", hash = "sha256:4b7387121ac7d15e550f5cb4a43aef2559ed759c35df7336c402bb8275ac9683", size = 4294089, upload-time = "2025-10-15T23:17:48.269Z" },
    { url = "https://files.pythonhosted.org/packages/26/42/fa8389d4478368743e24e61eea78846a0006caffaf72ea24a15159215a14/cryptography-46.0.3-cp38-abi3-manylinux2014_x86_64.manylinux_2_17_x86_64.whl", hash = "sha256:15ab9b093e8f09daab0f2159bb7e47532596075139dd74365da52ecc9cb46c5d", size = 4440029, upload-time = "2025-10-15T23:17:49.837Z" },
    { url = "https://files.pythonhosted.org/packages/5f/eb/f483db0ec5ac040824f269e93dd2bd8a21ecd1027e77ad7bdf6914f2fd80/cryptography-46.0.3-cp38-abi3-manylinux_2_28_aarch64.whl", hash = "sha256:46acf53b40ea38f9c6c229599a4a13f0d46a6c3fa9ef19fc1a124d62e338dfa0", size = 4297222, upload-time = "2025-10-15T23:17:51.357Z" },
    { url = "https://files.pythonhosted.org/packages/fd/cf/da9502c4e1912cb1da3807ea3618a6829bee8207456fbbeebc361ec38ba3/cryptography-46.0.3-cp38-abi3-manylinux_2_28_armv7l.manylinux_2_31_armv7l.whl", hash = "sha256:10ca84c4668d066a9878890047f03546f3ae0a6b8b39b697457b7757aaf18dbc", size = 4012280, upload-time = "2025-10-15T23:17:52.964Z" },
    { url = "https://files.pythonhosted.org/packages/6b/8f/9adb86b93330e0df8b3dcf03eae67c33ba89958fc2e03862ef1ac2b42465/cryptography-46.0.3-cp38-abi3-manylinux_2_28_ppc64le.whl", hash = "sha256:36e627112085bb3b81b19fed209c05ce2a52ee8b15d161b7c643a7d5a88491f3", size = 4978958, upload-time = "2025-10-15T23:17:54.965Z" },
    { url = "https://files.pythonhosted.org/packages/d1/a0/5fa77988289c34bdb9f913f5606ecc9ada1adb5ae870bd0d1054a7021cc4/cryptography-46.0.3-cp38-abi3-manylinux_2_28_x86_64.whl", hash = "sha256:1000713389b75c449a6e979ffc7dcc8ac90b437048766cef052d4d30b8220971", size = 4473714, upload-time = "2025-10-15T23:17:56.754Z" },
    { url = "https://files.pythonhosted.org/packages/14/e5/fc82d72a58d41c393697aa18c9abe5ae1214ff6f2a5c18ac470f92777895/cryptography-46.0.3-cp38-abi3-manylinux_2_34_aarch64.whl", hash = "sha256:b02cf04496f6576afffef5ddd04a0cb7d49cf6be16a9059d793a30b035f6b6ac", size = 4296970, upload-time = "2025-10-15T23:17:58.588Z" },
    { url = "https://files.pythonhosted.org/packages/78/06/5663ed35438d0b09056973994f1aec467492b33bd31da36e468b01ec1097/cryptography-46.0.3-cp38-abi3-manylinux_2_34_ppc64le.whl", hash = "sha256:71e842ec9bc7abf543b47cf86b9a743baa95f4677d22baa4c7d5c69e49e9bc04", size = 4940236, upload-time = "2025-10-15T23:18:00.897Z" },
    { url = "https://files.pythonhosted.org/packages/fc/59/873633f3f2dcd8a053b8dd1d38f783043b5fce589c0f6988bf55ef57e43e/cryptography-46.0.3-cp38-abi3-manylinux_2_34_x86_64.whl", hash = "sha256:402b58fc32614f00980b66d6e56a5b4118e6cb362ae8f3fda141ba4689bd4506", size = 4472642, upload-time = "2025-10-15T23:18:02.749Z" },
    { url = "https://files.pythonhosted.org/packages/3d/39/8e71f3930e40f6877737d6f69248cf74d4e34b886a3967d32f919cc50d3b/cryptography-46.0.3-cp38-abi3-musllinux_1_2_aarch64.whl", hash = "sha256:ef639cb3372f69ec44915fafcd6698b6cc78fbe0c2ea41be867f6ed612811963", size = 4423126, upload-time = "2025-10-15T23:18:04.85Z" },
    { url = "https://files.pythonhosted.org/packages/cd/c7/f65027c2810e14c3e7268353b1681932b87e5a48e65505d8cc17c99e36ae/cryptography-46.0.3-cp38-abi3-musllinux_1_2_x86_64.whl", hash = "sha256:3b51b8ca4f1c6453d8829e1eb7299499ca7f313900dd4d89a24b8b87c0a780d4", size = 4686573, upload-time = "2025-10-15T23:18:06.908Z" },
]

[[package]]
name = "esp8266"
version = "0.1.0"
source = { virtual = "." }
dependencies = [
    { name = "adafruit-ampy" },
    { name = "keyring" },
]

[package.dev-dependencies]
dev = [
    { name = "micropython-esp8266-stubs" },
]

[package.metadata]
requires-dist = [
    { name = "adafruit-ampy", specifier = ">=1.1.0" },
    { name = "keyring", specifier = ">=25.7.0" },
]

[package.metadata.requires-dev]
dev = [{ name = "micropython-esp8266-stubs", specifier = ">=1.26.0.post1" }]

[[package]]
name = "jaraco-classes"
version = "3.4.0"
source = { registry = "https://pypi.org/simple" }
dependencies = [
    { name = "more-itertools" },
]
sdist = { url = "https://files.pythonhosted.org/packages/06/c0/ed4a27bc5571b99e3cff68f8a9fa5b56ff7df1c2251cc715a652ddd26402/jaraco.classes-3.4.0.tar.gz", hash = "sha256:47a024b51d0239c0dd8c8540c6c7f484be3b8fcf0b2d85c13825780d3b3f3acd", size = 11780, upload-time = "2024-03-31T07:27:36.643Z" }
wheels = [
    { url = "https://files.pythonhosted.org/packages/7f/66/b15ce62552d84bbfcec9a4873ab79d993a1dd4edb922cbfccae192bd5b5f/jaraco.classes-3.4.0-py3-none-any.whl", hash = "sha256:f662826b6bed8cace05e7ff873ce0f9283b5c924470fe664fff1c2f00f581790", size = 6777, upload-time = "2024-03-31T07:27:34.792Z" },
]

[[package]]
name = "jaraco-context"
version = "6.0.1"
source = { registry = "https://pypi.org/simple" }
sdist = { url = "https://files.pythonhosted.org/packages/df/ad/f3777b81bf0b6e7bc7514a1656d3e637b2e8e15fab2ce3235730b3e7a4e6/jaraco_context-6.0.1.tar.gz", hash = "sha256:9bae4ea555cf0b14938dc0aee7c9f32ed303aa20a3b73e7dc80111628792d1b3", size = 13912, upload-time = "2024-08-20T03:39:27.358Z" }
wheels = [
    { url = "https://files.pythonhosted.org/packages/ff/db/0c52c4cf5e4bd9f5d7135ec7669a3a767af21b3a308e1ed3674881e52b62/jaraco.context-6.0.1-py3-none-any.whl", hash = "sha256:f797fc481b490edb305122c9181830a3a5b76d84ef6d1aef2fb9b47ab956f9e4", size = 6825, upload-time = "2024-08-20T03:39:25.966Z" },
]

[[package]]
name = "jaraco-functools"
version = "4.3.0"
source = { registry = "https://pypi.org/simple" }
dependencies = [
    { name = "more-itertools" },
]
sdist = { url = "https://files.pythonhosted.org/packages/f7/ed/1aa2d585304ec07262e1a83a9889880701079dde796ac7b1d1826f40c63d/jaraco_functools-4.3.0.tar.gz", hash = "sha256:cfd13ad0dd2c47a3600b439ef72d8615d482cedcff1632930d6f28924d92f294", size = 19755, upload-time = "2025-08-18T20:05:09.91Z" }
wheels = [
    { url = "https://files.pythonhosted.org/packages/b4/09/726f168acad366b11e420df31bf1c702a54d373a83f968d94141a8c3fde0/jaraco_functools-4.3.0-py3-none-any.whl", hash = "sha256:227ff8ed6f7b8f62c56deff101545fa7543cf2c8e7b82a7c2116e672f29c26e8", size = 10408, upload-time = "2025-08-18T20:05:08.69Z" },
]

[[package]]
name = "jeepney"
version = "0.9.0"
source = { registry = "https://pypi.org/simple" }
sdist = { url = "https://files.pythonhosted.org/packages/7b/6f/357efd7602486741aa73ffc0617fb310a29b588ed0fd69c2399acbb85b0c/jeepney-0.9.0.tar.gz", hash = "sha256:cf0e9e845622b81e4a28df94c40345400256ec608d0e55bb8a3feaa9163f5732", size = 106758, upload-time = "2025-02-27T18:51:01.684Z" }
wheels = [
    { url = "https://files.pythonhosted.org/packages/b2/a3/e137168c9c44d18eff0376253da9f1e9234d0239e0ee230d2fee6cea8e55/jeepney-0.9.0-py3-none-any.whl", hash = "sha256:97e5714520c16fc0a45695e5365a2e11b81ea79bba796e26f9f1d178cb182683", size = 49010, upload-time = "2025-02-27T18:51:00.104Z" },
]

[[package]]
name = "keyring"
version = "25.7.0"
source = { registry = "https://pypi.org/simple" }
dependencies = [
    { name = "jaraco-classes" },
    { name = "jaraco-context" },
    { name = "jaraco-functools" },
    { name = "jeepney", marker = "sys_platform == 'linux'" },
    { name = "pywin32-ctypes", marker = "sys_platform == 'win32'" },
    { name = "secretstorage", marker = "sys_platform == 'linux'" },
]
sdist = { url = "https://files.pythonhosted.org/packages/43/4b/674af6ef2f97d56f0ab5153bf0bfa28ccb6c3ed4d1babf4305449668807b/keyring-25.7.0.tar.gz", hash = "sha256:fe01bd85eb3f8fb3dd0405defdeac9a5b4f6f0439edbb3149577f244a2e8245b", size = 63516, upload-time = "2025-11-16T16:26:09.482Z" }
wheels = [
    { url = "https://files.pythonhosted.org/packages/81/db/e655086b7f3a705df045bf0933bdd9c2f79bb3c97bfef1384598bb79a217/keyring-25.7.0-py3-none-any.whl", hash = "sha256:be4a0b195f149690c166e850609a477c532ddbfbaed96a404d4e43f8d5e2689f", size = 39160, upload-time = "2025-11-16T16:26:08.402Z" },
]

[[package]]
name = "micropython-esp8266-stubs"
version = "1.26.0.post1"
source = { registry = "https://pypi.org/simple" }
dependencies = [
    { name = "micropython-stdlib-stubs" },
]
sdist = { url = "https://files.pythonhosted.org/packages/75/d0/63f6f2440a405459fcffcf71d274ff1a19ea13231c469e7cb088196d72ba/micropython_esp8266_stubs-1.26.0.post1.tar.gz", hash = "sha256:1a8b63b9d68ed318c96549d479824e5b88304ebf6a68b84e81dc96ea992293b5", size = 67246, upload-time = "2025-09-01T21:42:39.627Z" }
wheels = [
    { url = "https://files.pythonhosted.org/packages/f4/03/48ce059f49f019837ed3f10b22baae4e93daf37881e9dd71a1906a4b5d44/micropython_esp8266_stubs-1.26.0.post1-py2.py3-none-any.whl", hash = "sha256:abca2896a6aed9e8374e36db3fc20c7e6fc743d0e3b97935d7b7b7d86d63c06c", size = 88907, upload-time = "2025-09-01T21:42:38.267Z" },
]

[[package]]
name = "micropython-stdlib-stubs"
version = "1.26.0.post3"
source = { registry = "https://pypi.org/simple" }
wheels = [
    { url = "https://files.pythonhosted.org/packages/4f/2e/38a03713acf949c571e54de7c64fb48a519521c4ff0c1645d5213316637e/micropython_stdlib_stubs-1.26.0.post3-py3-none-any.whl", hash = "sha256:98a35a1faffeca605a0d38988dd0d98a117c32193db758436c87a08ca278339d", size = 147944, upload-time = "2025-09-01T21:07:57.11Z" },
]

[[package]]
name = "more-itertools"
version = "10.8.0"
source = { registry = "https://pypi.org/simple" }
sdist = { url = "https://files.pythonhosted.org/packages/ea/5d/38b681d3fce7a266dd9ab73c66959406d565b3e85f21d5e66e1181d93721/more_itertools-10.8.0.tar.gz", hash = "sha256:f638ddf8a1a0d134181275fb5d58b086ead7c6a72429ad725c67503f13ba30bd", size = 137431, upload-time = "2025-09-02T15:23:11.018Z" }
wheels = [
    { url = "https://files.pythonhosted.org/packages/a4/8e/469e5a4a2f5855992e425f3cb33804cc07bf18d48f2db061aec61ce50270/more_itertools-10.8.0-py3-none-any.whl", hash = "sha256:52d4362373dcf7c52546bc4af9a86ee7c4579df9a8dc268be0a2f949d376cc9b", size = 69667, upload-time = "2025-09-02T15:23:09.635Z" },
]

[[package]]
name = "pycparser"
version = "2.23"
source = { registry = "https://pypi.org/simple" }
sdist = { url = "https://files.pythonhosted.org/packages/fe/cf/d2d3b9f5699fb1e4615c8e32ff220203e43b248e1dfcc6736ad9057731ca/pycparser-2.23.tar.gz", hash = "sha256:78816d4f24add8f10a06d6f05b4d424ad9e96cfebf68a4ddc99c65c0720d00c2", size = 173734, upload-time = "2025-09-09T13:23:47.91Z" }
wheels = [
    { url = "https://files.pythonhosted.org/packages/a0/e3/59cd50310fc9b59512193629e1984c1f95e5c8ae6e5d8c69532ccc65a7fe/pycparser-2.23-py3-none-any.whl", hash = "sha256:e5c6e8d3fbad53479cab09ac03729e0a9faf2bee3db8208a550daf5af81a5934", size = 118140, upload-time = "2025-09-09T13:23:46.651Z" },
]

[[package]]
name = "pyserial"
version = "3.5"
source = { registry = "https://pypi.org/simple" }
sdist = { url = "https://files.pythonhosted.org/packages/1e/7d/ae3f0a63f41e4d2f6cb66a5b57197850f919f59e558159a4dd3a818f5082/pyserial-3.5.tar.gz", hash = "sha256:3c77e014170dfffbd816e6ffc205e9842efb10be9f58ec16d3e8675b4925cddb", size = 159125, upload-time = "2020-11-23T03:59:15.045Z" }
wheels = [
    { url = "https://files.pythonhosted.org/packages/07/bc/587a445451b253b285629263eb51c2d8e9bcea4fc97826266d186f96f558/pyserial-3.5-py2.py3-none-any.whl", hash = "sha256:c4451db6ba391ca6ca299fb3ec7bae67a5c55dde170964c7a14ceefec02f2cf0", size = 90585, upload-time = "2020-11-23T03:59:13.41Z" },
]

[[package]]
name = "python-dotenv"
version = "1.2.1"
source = { registry = "https://pypi.org/simple" }
sdist = { url = "https://files.pythonhosted.org/packages/f0/26/19cadc79a718c5edbec86fd4919a6b6d3f681039a2f6d66d14be94e75fb9/python_dotenv-1.2.1.tar.gz", hash = "sha256:42667e897e16ab0d66954af0e60a9caa94f0fd4ecf3aaf6d2d260eec1aa36ad6", size = 44221, upload-time = "2025-10-26T15:12:10.434Z" }
wheels = [
    { url = "https://files.pythonhosted.org/packages/14/1b/a298b06749107c305e1fe0f814c6c74aea7b2f1e10989cb30f544a1b3253/python_dotenv-1.2.1-py3-none-any.whl", hash = "sha256:b81ee9561e9ca4004139c6cbba3a238c32b03e4894671e181b671e8cb8425d61", size = 21230, upload-time = "2025-10-26T15:12:09.109Z" },
]

[[package]]
name = "pywin32-ctypes"
version = "0.2.3"
source = { registry = "https://pypi.org/simple" }
sdist = { url = "https://files.pythonhosted.org/packages/85/9f/01a1a99704853cb63f253eea009390c88e7131c67e66a0a02099a8c917cb/pywin32-ctypes-0.2.3.tar.gz", hash = "sha256:d162dc04946d704503b2edc4d55f3dba5c1d539ead017afa00142c38b9885755", size = 29471, upload-time = "2024-08-14T10:15:34.626Z" }
wheels = [
    { url = "https://files.pythonhosted.org/packages/de/3d/8161f7711c017e01ac9f008dfddd9410dff3674334c233bde66e7ba65bbf/pywin32_ctypes-0.2.3-py3-none-any.whl", hash = "sha256:8a1513379d709975552d202d942d9837758905c8d01eb82b8bcc30918929e7b8", size = 30756, upload-time = "2024-08-14T10:15:33.187Z" },
]

[[package]]
name = "secretstorage"
version = "3.5.0"
source = { registry = "https://pypi.org/simple" }
dependencies = [
    { name = "cryptography" },
    { name = "jeepney" },
]
sdist = { url = "https://files.pythonhosted.org/packages/1c/03/e834bcd866f2f8a49a85eaff47340affa3bfa391ee9912a952a1faa68c7b/secretstorage-3.5.0.tar.gz", hash = "sha256:f04b8e4689cbce351744d5537bf6b1329c6fc68f91fa666f60a380edddcd11be", size = 19884, upload-time = "2025-11-23T19:02:53.191Z" }
wheels = [
    { url = "https://files.pythonhosted.org/packages/b7/46/f5af3402b579fd5e11573ce652019a67074317e18c1935cc0b4ba9b35552/secretstorage-3.5.0-py3-none-any.whl", hash = "sha256:0ce65888c0725fcb2c5bc0fdb8e5438eece02c523557ea40ce0703c266248137", size = 15554, upload-time = "2025-11-23T19:02:51.545Z" },
]
